# This file is automatically @generated by Poetry 1.5.1 and should not be changed by hand.

[[package]]
name = "aiofiles"
version = "23.2.1"
description = "File support for asyncio."
optional = false
python-versions = ">=3.7"
files = [
    {file = "aiofiles-23.2.1-py3-none-any.whl", hash = "sha256:19297512c647d4b27a2cf7c34caa7e405c0d60b5560618a29a9fe027b18b0107"},
    {file = "aiofiles-23.2.1.tar.gz", hash = "sha256:84ec2218d8419404abcb9f0c02df3f34c6e0a68ed41072acfb1cef5cbc29051a"},
]

[[package]]
name = "simple-async-command-manager"
version = "0.1.0"
description = "Simple command manager and asyncio command queue handler with wraps for subprocesses and synchronous commands. Designed to be modular for easy profiling and monitoring."
optional = false
python-versions = "*"
files = [
    {file = "simple_async_command_manager-0.1.0-py3-none-any.whl", hash = "sha256:11d08f8a5fc28c3126082fdb8ae5a3a0d0c0fc46b57b3f3a203ca7548c4a214b"},
    {file = "simple_async_command_manager-0.1.0.tar.gz", hash = "sha256:3524c95931de282362607228ddd9910557306de2169b5fb8f08ef3e9aaf0bf8d"},
]

[metadata]
lock-version = "2.0"
python-versions = "^3.11"
content-hash = "03fa6c1f636717467587b40b10fdf6153b915d45c815c7037ed8b3487983e836"
